// !$*UTF8*$!
{
	archiveVersion = 1;
	classes = {
	};
	objectVersion = 56;
	objects = {

/* Begin PBXBuildFile section */
		606FFDF82CC8F2E900020D8E /* PersianDatePickerApp.swift in Sources */ = {isa = PBXBuildFile; fileRef = 606FFDF72CC8F2E900020D8E /* PersianDatePickerApp.swift */; };
		606FFDFA2CC8F2E900020D8E /* ContentView.swift in Sources */ = {isa = PBXBuildFile; fileRef = 606FFDF92CC8F2E900020D8E /* ContentView.swift */; };
		606FFDFC2CC8F2EB00020D8E /* Assets.xcassets in Resources */ = {isa = PBXBuildFile; fileRef = 606FFDFB2CC8F2EB00020D8E /* Assets.xcassets */; };
		606FFDFF2CC8F2EB00020D8E /* Preview Assets.xcassets in Resources */ = {isa = PBXBuildFile; fileRef = 606FFDFE2CC8F2EB00020D8E /* Preview Assets.xcassets */; };
		606FFE092CC8F2EB00020D8E /* PersianDatePickerTests.swift in Sources */ = {isa = PBXBuildFile; fileRef = 606FFE082CC8F2EB00020D8E /* PersianDatePickerTests.swift */; };
		606FFE132CC8F2EB00020D8E /* PersianDatePickerUITests.swift in Sources */ = {isa = PBXBuildFile; fileRef = 606FFE122CC8F2EB00020D8E /* PersianDatePickerUITests.swift */; };
		606FFE152CC8F2EB00020D8E /* PersianDatePickerUITestsLaunchTests.swift in Sources */ = {isa = PBXBuildFile; fileRef = 606FFE142CC8F2EB00020D8E /* PersianDatePickerUITestsLaunchTests.swift */; };
		606FFE222CC8F30F00020D8E /* PersianDatePicker.swift in Sources */ = {isa = PBXBuildFile; fileRef = 606FFE212CC8F30F00020D8E /* PersianDatePicker.swift */; };
		60B22D3E2CCA820800D61995 /* DateGenerator.swift in Sources */ = {isa = PBXBuildFile; fileRef = 60B22D3D2CCA820800D61995 /* DateGenerator.swift */; };
		60B22D412CCA826E00D61995 /* Date.swift in Sources */ = {isa = PBXBuildFile; fileRef = 60B22D402CCA826E00D61995 /* Date.swift */; };
		60B22D432CCA828C00D61995 /* Day.swift in Sources */ = {isa = PBXBuildFile; fileRef = 60B22D422CCA828C00D61995 /* Day.swift */; };
		60B22D452CCA82AC00D61995 /* DayName.swift in Sources */ = {isa = PBXBuildFile; fileRef = 60B22D442CCA82AC00D61995 /* DayName.swift */; };
/* End PBXBuildFile section */

/* Begin PBXContainerItemProxy section */
		606FFE052CC8F2EB00020D8E /* PBXContainerItemProxy */ = {
			isa = PBXContainerItemProxy;
			containerPortal = 606FFDEC2CC8F2E900020D8E /* Project object */;
			proxyType = 1;
			remoteGlobalIDString = 606FFDF32CC8F2E900020D8E;
			remoteInfo = PersianDatePicker;
		};
		606FFE0F2CC8F2EB00020D8E /* PBXContainerItemProxy */ = {
			isa = PBXContainerItemProxy;
			containerPortal = 606FFDEC2CC8F2E900020D8E /* Project object */;
			proxyType = 1;
			remoteGlobalIDString = 606FFDF32CC8F2E900020D8E;
			remoteInfo = PersianDatePicker;
		};
/* End PBXContainerItemProxy section */

/* Begin PBXFileReference section */
		606FFDF42CC8F2E900020D8E /* PersianDatePicker.app */ = {isa = PBXFileReference; explicitFileType = wrapper.application; includeInIndex = 0; path = PersianDatePicker.app; sourceTree = BUILT_PRODUCTS_DIR; };
		606FFDF72CC8F2E900020D8E /* PersianDatePickerApp.swift */ = {isa = PBXFileReference; lastKnownFileType = sourcecode.swift; path = PersianDatePickerApp.swift; sourceTree = "<group>"; };
		606FFDF92CC8F2E900020D8E /* ContentView.swift */ = {isa = PBXFileReference; lastKnownFileType = sourcecode.swift; path = ContentView.swift; sourceTree = "<group>"; };
		606FFDFB2CC8F2EB00020D8E /* Assets.xcassets */ = {isa = PBXFileReference; lastKnownFileType = folder.assetcatalog; path = Assets.xcassets; sourceTree = "<group>"; };
		606FFDFE2CC8F2EB00020D8E /* Preview Assets.xcassets */ = {isa = PBXFileReference; lastKnownFileType = folder.assetcatalog; path = "Preview Assets.xcassets"; sourceTree = "<group>"; };
		606FFE042CC8F2EB00020D8E /* PersianDatePickerTests.xctest */ = {isa = PBXFileReference; explicitFileType = wrapper.cfbundle; includeInIndex = 0; path = PersianDatePickerTests.xctest; sourceTree = BUILT_PRODUCTS_DIR; };
		606FFE082CC8F2EB00020D8E /* PersianDatePickerTests.swift */ = {isa = PBXFileReference; lastKnownFileType = sourcecode.swift; path = PersianDatePickerTests.swift; sourceTree = "<group>"; };
		606FFE0E2CC8F2EB00020D8E /* PersianDatePickerUITests.xctest */ = {isa = PBXFileReference; explicitFileType = wrapper.cfbundle; includeInIndex = 0; path = PersianDatePickerUITests.xctest; sourceTree = BUILT_PRODUCTS_DIR; };
		606FFE122CC8F2EB00020D8E /* PersianDatePickerUITests.swift */ = {isa = PBXFileReference; lastKnownFileType = sourcecode.swift; path = PersianDatePickerUITests.swift; sourceTree = "<group>"; };
		606FFE142CC8F2EB00020D8E /* PersianDatePickerUITestsLaunchTests.swift */ = {isa = PBXFileReference; lastKnownFileType = sourcecode.swift; path = PersianDatePickerUITestsLaunchTests.swift; sourceTree = "<group>"; };
		606FFE212CC8F30F00020D8E /* PersianDatePicker.swift */ = {isa = PBXFileReference; lastKnownFileType = sourcecode.swift; path = PersianDatePicker.swift; sourceTree = "<group>"; };
		60B22D3D2CCA820800D61995 /* DateGenerator.swift */ = {isa = PBXFileReference; lastKnownFileType = sourcecode.swift; path = DateGenerator.swift; sourceTree = "<group>"; };
		60B22D402CCA826E00D61995 /* Date.swift */ = {isa = PBXFileReference; lastKnownFileType = sourcecode.swift; path = Date.swift; sourceTree = "<group>"; };
		60B22D422CCA828C00D61995 /* Day.swift */ = {isa = PBXFileReference; lastKnownFileType = sourcecode.swift; path = Day.swift; sourceTree = "<group>"; };
		60B22D442CCA82AC00D61995 /* DayName.swift */ = {isa = PBXFileReference; lastKnownFileType = sourcecode.swift; path = DayName.swift; sourceTree = "<group>"; };
/* End PBXFileReference section */

/* Begin PBXFrameworksBuildPhase section */
		606FFDF12CC8F2E900020D8E /* Frameworks */ = {
			isa = PBXFrameworksBuildPhase;
			buildActionMask = 2147483647;
			files = (
			);
			runOnlyForDeploymentPostprocessing = 0;
		};
		606FFE012CC8F2EB00020D8E /* Frameworks */ = {
			isa = PBXFrameworksBuildPhase;
			buildActionMask = 2147483647;
			files = (
			);
			runOnlyForDeploymentPostprocessing = 0;
		};
		606FFE0B2CC8F2EB00020D8E /* Frameworks */ = {
			isa = PBXFrameworksBuildPhase;
			buildActionMask = 2147483647;
			files = (
			);
			runOnlyForDeploymentPostprocessing = 0;
		};
/* End PBXFrameworksBuildPhase section */

/* Begin PBXGroup section */
		606FFDEB2CC8F2E900020D8E = {
			isa = PBXGroup;
			children = (
				606FFDF62CC8F2E900020D8E /* PersianDatePicker */,
				606FFE072CC8F2EB00020D8E /* PersianDatePickerTests */,
				606FFE112CC8F2EB00020D8E /* PersianDatePickerUITests */,
				606FFDF52CC8F2E900020D8E /* Products */,
			);
			sourceTree = "<group>";
		};
		606FFDF52CC8F2E900020D8E /* Products */ = {
			isa = PBXGroup;
			children = (
				606FFDF42CC8F2E900020D8E /* PersianDatePicker.app */,
				606FFE042CC8F2EB00020D8E /* PersianDatePickerTests.xctest */,
				606FFE0E2CC8F2EB00020D8E /* PersianDatePickerUITests.xctest */,
			);
			name = Products;
			sourceTree = "<group>";
		};
		606FFDF62CC8F2E900020D8E /* PersianDatePicker */ = {
			isa = PBXGroup;
			children = (
				606FFDF72CC8F2E900020D8E /* PersianDatePickerApp.swift */,
				606FFDF92CC8F2E900020D8E /* ContentView.swift */,
				606FFE212CC8F30F00020D8E /* PersianDatePicker.swift */,
				60B22D3F2CCA825A00D61995 /* extension */,
				60B22D3C2CCA81F900D61995 /* Model */,
				606FFDFB2CC8F2EB00020D8E /* Assets.xcassets */,
				606FFDFD2CC8F2EB00020D8E /* Preview Content */,
			);
			path = PersianDatePicker;
			sourceTree = "<group>";
		};
		606FFDFD2CC8F2EB00020D8E /* Preview Content */ = {
			isa = PBXGroup;
			children = (
				606FFDFE2CC8F2EB00020D8E /* Preview Assets.xcassets */,
			);
			path = "Preview Content";
			sourceTree = "<group>";
		};
		606FFE072CC8F2EB00020D8E /* PersianDatePickerTests */ = {
			isa = PBXGroup;
			children = (
				606FFE082CC8F2EB00020D8E /* PersianDatePickerTests.swift */,
			);
			path = PersianDatePickerTests;
			sourceTree = "<group>";
		};
		606FFE112CC8F2EB00020D8E /* PersianDatePickerUITests */ = {
			isa = PBXGroup;
			children = (
				606FFE122CC8F2EB00020D8E /* PersianDatePickerUITests.swift */,
				606FFE142CC8F2EB00020D8E /* PersianDatePickerUITestsLaunchTests.swift */,
			);
			path = PersianDatePickerUITests;
			sourceTree = "<group>";
		};
		60B22D3C2CCA81F900D61995 /* Model */ = {
			isa = PBXGroup;
			children = (
				60B22D3D2CCA820800D61995 /* DateGenerator.swift */,
				60B22D422CCA828C00D61995 /* Day.swift */,
				60B22D442CCA82AC00D61995 /* DayName.swift */,
			);
			path = Model;
			sourceTree = "<group>";
		};
		60B22D3F2CCA825A00D61995 /* extension */ = {
			isa = PBXGroup;
			children = (
				60B22D402CCA826E00D61995 /* Date.swift */,
			);
			path = extension;
			sourceTree = "<group>";
		};
/* End PBXGroup section */

/* Begin PBXNativeTarget section */
		606FFDF32CC8F2E900020D8E /* PersianDatePicker */ = {
			isa = PBXNativeTarget;
			buildConfigurationList = 606FFE182CC8F2EB00020D8E /* Build configuration list for PBXNativeTarget "PersianDatePicker" */;
			buildPhases = (
				606FFDF02CC8F2E900020D8E /* Sources */,
				606FFDF12CC8F2E900020D8E /* Frameworks */,
				606FFDF22CC8F2E900020D8E /* Resources */,
			);
			buildRules = (
			);
			dependencies = (
			);
			name = PersianDatePicker;
			productName = PersianDatePicker;
			productReference = 606FFDF42CC8F2E900020D8E /* PersianDatePicker.app */;
			productType = "com.apple.product-type.application";
		};
		606FFE032CC8F2EB00020D8E /* PersianDatePickerTests */ = {
			isa = PBXNativeTarget;
			buildConfigurationList = 606FFE1B2CC8F2EB00020D8E /* Build configuration list for PBXNativeTarget "PersianDatePickerTests" */;
			buildPhases = (
				606FFE002CC8F2EB00020D8E /* Sources */,
				606FFE012CC8F2EB00020D8E /* Frameworks */,
				606FFE022CC8F2EB00020D8E /* Resources */,
			);
			buildRules = (
			);
			dependencies = (
				606FFE062CC8F2EB00020D8E /* PBXTargetDependency */,
			);
			name = PersianDatePickerTests;
			productName = PersianDatePickerTests;
			productReference = 606FFE042CC8F2EB00020D8E /* PersianDatePickerTests.xctest */;
			productType = "com.apple.product-type.bundle.unit-test";
		};
		606FFE0D2CC8F2EB00020D8E /* PersianDatePickerUITests */ = {
			isa = PBXNativeTarget;
			buildConfigurationList = 606FFE1E2CC8F2EB00020D8E /* Build configuration list for PBXNativeTarget "PersianDatePickerUITests" */;
			buildPhases = (
				606FFE0A2CC8F2EB00020D8E /* Sources */,
				606FFE0B2CC8F2EB00020D8E /* Frameworks */,
				606FFE0C2CC8F2EB00020D8E /* Resources */,
			);
			buildRules = (
			);
			dependencies = (
				606FFE102CC8F2EB00020D8E /* PBXTargetDependency */,
			);
			name = PersianDatePickerUITests;
			productName = PersianDatePickerUITests;
			productReference = 606FFE0E2CC8F2EB00020D8E /* PersianDatePickerUITests.xctest */;
			productType = "com.apple.product-type.bundle.ui-testing";
		};
/* End PBXNativeTarget section */

/* Begin PBXProject section */
		606FFDEC2CC8F2E900020D8E /* Project object */ = {
			isa = PBXProject;
			attributes = {
				BuildIndependentTargetsInParallel = 1;
				LastSwiftUpdateCheck = 1500;
				LastUpgradeCheck = 1500;
				TargetAttributes = {
					606FFDF32CC8F2E900020D8E = {
						CreatedOnToolsVersion = 15.0.1;
					};
					606FFE032CC8F2EB00020D8E = {
						CreatedOnToolsVersion = 15.0.1;
						TestTargetID = 606FFDF32CC8F2E900020D8E;
					};
					606FFE0D2CC8F2EB00020D8E = {
						CreatedOnToolsVersion = 15.0.1;
						TestTargetID = 606FFDF32CC8F2E900020D8E;
					};
				};
			};
			buildConfigurationList = 606FFDEF2CC8F2E900020D8E /* Build configuration list for PBXProject "PersianDatePicker" */;
			compatibilityVersion = "Xcode 14.0";
			developmentRegion = en;
			hasScannedForEncodings = 0;
			knownRegions = (
				en,
				Base,
			);
			mainGroup = 606FFDEB2CC8F2E900020D8E;
			productRefGroup = 606FFDF52CC8F2E900020D8E /* Products */;
			projectDirPath = "";
			projectRoot = "";
			targets = (
				606FFDF32CC8F2E900020D8E /* PersianDatePicker */,
				606FFE032CC8F2EB00020D8E /* PersianDatePickerTests */,
				606FFE0D2CC8F2EB00020D8E /* PersianDatePickerUITests */,
			);
		};
/* End PBXProject section */

/* Begin PBXResourcesBuildPhase section */
		606FFDF22CC8F2E900020D8E /* Resources */ = {
			isa = PBXResourcesBuildPhase;
			buildActionMask = 2147483647;
			files = (
				606FFDFF2CC8F2EB00020D8E /* Preview Assets.xcassets in Resources */,
				606FFDFC2CC8F2EB00020D8E /* Assets.xcassets in Resources */,
			);
			runOnlyForDeploymentPostprocessing = 0;
		};
		606FFE022CC8F2EB00020D8E /* Resources */ = {
			isa = PBXResourcesBuildPhase;
			buildActionMask = 2147483647;
			files = (
			);
			runOnlyForDeploymentPostprocessing = 0;
		};
		606FFE0C2CC8F2EB00020D8E /* Resources */ = {
			isa = PBXResourcesBuildPhase;
			buildActionMask = 2147483647;
			files = (
			);
			runOnlyForDeploymentPostprocessing = 0;
		};
/* End PBXResourcesBuildPhase section */

/* Begin PBXSourcesBuildPhase section */
		606FFDF02CC8F2E900020D8E /* Sources */ = {
			isa = PBXSourcesBuildPhase;
			buildActionMask = 2147483647;
			files = (
				606FFDFA2CC8F2E900020D8E /* ContentView.swift in Sources */,
				60B22D412CCA826E00D61995 /* Date.swift in Sources */,
				60B22D452CCA82AC00D61995 /* DayName.swift in Sources */,
				60B22D432CCA828C00D61995 /* Day.swift in Sources */,
				606FFDF82CC8F2E900020D8E /* PersianDatePickerApp.swift in Sources */,
				606FFE222CC8F30F00020D8E /* PersianDatePicker.swift in Sources */,
				60B22D3E2CCA820800D61995 /* DateGenerator.swift in Sources */,
			);
			runOnlyForDeploymentPostprocessing = 0;
		};
		606FFE002CC8F2EB00020D8E /* Sources */ = {
			isa = PBXSourcesBuildPhase;
			buildActionMask = 2147483647;
			files = (
				606FFE092CC8F2EB00020D8E /* PersianDatePickerTests.swift in Sources */,
			);
			runOnlyForDeploymentPostprocessing = 0;
		};
		606FFE0A2CC8F2EB00020D8E /* Sources */ = {
			isa = PBXSourcesBuildPhase;
			buildActionMask = 2147483647;
			files = (
				606FFE132CC8F2EB00020D8E /* PersianDatePickerUITests.swift in Sources */,
				606FFE152CC8F2EB00020D8E /* PersianDatePickerUITestsLaunchTests.swift in Sources */,
			);
			runOnlyForDeploymentPostprocessing = 0;
		};
/* End PBXSourcesBuildPhase section */

/* Begin PBXTargetDependency section */
		606FFE062CC8F2EB00020D8E /* PBXTargetDependency */ = {
			isa = PBXTargetDependency;
			target = 606FFDF32CC8F2E900020D8E /* PersianDatePicker */;
			targetProxy = 606FFE052CC8F2EB00020D8E /* PBXContainerItemProxy */;
		};
		606FFE102CC8F2EB00020D8E /* PBXTargetDependency */ = {
			isa = PBXTargetDependency;
			target = 606FFDF32CC8F2E900020D8E /* PersianDatePicker */;
			targetProxy = 606FFE0F2CC8F2EB00020D8E /* PBXContainerItemProxy */;
		};
/* End PBXTargetDependency section */

/* Begin XCBuildConfiguration section */
		606FFE162CC8F2EB00020D8E /* Debug */ = {
			isa = XCBuildConfiguration;
			buildSettings = {
				ALWAYS_SEARCH_USER_PATHS = NO;
				ASSETCATALOG_COMPILER_GENERATE_SWIFT_ASSET_SYMBOL_EXTENSIONS = YES;
				CLANG_ANALYZER_NONNULL = YES;
				CLANG_ANALYZER_NUMBER_OBJECT_CONVERSION = YES_AGGRESSIVE;
				CLANG_CXX_LANGUAGE_STANDARD = "gnu++20";
				CLANG_ENABLE_MODULES = YES;
				CLANG_ENABLE_OBJC_ARC = YES;
				CLANG_ENABLE_OBJC_WEAK = YES;
				CLANG_WARN_BLOCK_CAPTURE_AUTORELEASING = YES;
				CLANG_WARN_BOOL_CONVERSION = YES;
				CLANG_WARN_COMMA = YES;
				CLANG_WARN_CONSTANT_CONVERSION = YES;
				CLANG_WARN_DEPRECATED_OBJC_IMPLEMENTATIONS = YES;
				CLANG_WARN_DIRECT_OBJC_ISA_USAGE = YES_ERROR;
				CLANG_WARN_DOCUMENTATION_COMMENTS = YES;
				CLANG_WARN_EMPTY_BODY = YES;
				CLANG_WARN_ENUM_CONVERSION = YES;
				CLANG_WARN_INFINITE_RECURSION = YES;
				CLANG_WARN_INT_CONVERSION = YES;
				CLANG_WARN_NON_LITERAL_NULL_CONVERSION = YES;
				CLANG_WARN_OBJC_IMPLICIT_RETAIN_SELF = YES;
				CLANG_WARN_OBJC_LITERAL_CONVERSION = YES;
				CLANG_WARN_OBJC_ROOT_CLASS = YES_ERROR;
				CLANG_WARN_QUOTED_INCLUDE_IN_FRAMEWORK_HEADER = YES;
				CLANG_WARN_RANGE_LOOP_ANALYSIS = YES;
				CLANG_WARN_STRICT_PROTOTYPES = YES;
				CLANG_WARN_SUSPICIOUS_MOVE = YES;
				CLANG_WARN_UNGUARDED_AVAILABILITY = YES_AGGRESSIVE;
				CLANG_WARN_UNREACHABLE_CODE = YES;
				CLANG_WARN__DUPLICATE_METHOD_MATCH = YES;
				COPY_PHASE_STRIP = NO;
				DEBUG_INFORMATION_FORMAT = dwarf;
				ENABLE_STRICT_OBJC_MSGSEND = YES;
				ENABLE_TESTABILITY = YES;
				ENABLE_USER_SCRIPT_SANDBOXING = YES;
				GCC_C_LANGUAGE_STANDARD = gnu17;
				GCC_DYNAMIC_NO_PIC = NO;
				GCC_NO_COMMON_BLOCKS = YES;
				GCC_OPTIMIZATION_LEVEL = 0;
				GCC_PREPROCESSOR_DEFINITIONS = (
					"DEBUG=1",
					"$(inherited)",
				);
				GCC_WARN_64_TO_32_BIT_CONVERSION = YES;
				GCC_WARN_ABOUT_RETURN_TYPE = YES_ERROR;
				GCC_WARN_UNDECLARED_SELECTOR = YES;
				GCC_WARN_UNINITIALIZED_AUTOS = YES_AGGRESSIVE;
				GCC_WARN_UNUSED_FUNCTION = YES;
				GCC_WARN_UNUSED_VARIABLE = YES;
				IPHONEOS_DEPLOYMENT_TARGET = 17.0;
				LOCALIZATION_PREFERS_STRING_CATALOGS = YES;
				MTL_ENABLE_DEBUG_INFO = INCLUDE_SOURCE;
				MTL_FAST_MATH = YES;
				ONLY_ACTIVE_ARCH = YES;
				SDKROOT = iphoneos;
				SWIFT_ACTIVE_COMPILATION_CONDITIONS = "DEBUG $(inherited)";
				SWIFT_OPTIMIZATION_LEVEL = "-Onone";
			};
			name = Debug;
		};
		606FFE172CC8F2EB00020D8E /* Release */ = {
			isa = XCBuildConfiguration;
			buildSettings = {
				ALWAYS_SEARCH_USER_PATHS = NO;
				ASSETCATALOG_COMPILER_GENERATE_SWIFT_ASSET_SYMBOL_EXTENSIONS = YES;
				CLANG_ANALYZER_NONNULL = YES;
				CLANG_ANALYZER_NUMBER_OBJECT_CONVERSION = YES_AGGRESSIVE;
				CLANG_CXX_LANGUAGE_STANDARD = "gnu++20";
				CLANG_ENABLE_MODULES = YES;
				CLANG_ENABLE_OBJC_ARC = YES;
				CLANG_ENABLE_OBJC_WEAK = YES;
				CLANG_WARN_BLOCK_CAPTURE_AUTORELEASING = YES;
				CLANG_WARN_BOOL_CONVERSION = YES;
				CLANG_WARN_COMMA = YES;
				CLANG_WARN_CONSTANT_CONVERSION = YES;
				CLANG_WARN_DEPRECATED_OBJC_IMPLEMENTATIONS = YES;
				CLANG_WARN_DIRECT_OBJC_ISA_USAGE = YES_ERROR;
				CLANG_WARN_DOCUMENTATION_COMMENTS = YES;
				CLANG_WARN_EMPTY_BODY = YES;
				CLANG_WARN_ENUM_CONVERSION = YES;
				CLANG_WARN_INFINITE_RECURSION = YES;
				CLANG_WARN_INT_CONVERSION = YES;
				CLANG_WARN_NON_LITERAL_NULL_CONVERSION = YES;
				CLANG_WARN_OBJC_IMPLICIT_RETAIN_SELF = YES;
				CLANG_WARN_OBJC_LITERAL_CONVERSION = YES;
				CLANG_WARN_OBJC_ROOT_CLASS = YES_ERROR;
				CLANG_WARN_QUOTED_INCLUDE_IN_FRAMEWORK_HEADER = YES;
				CLANG_WARN_RANGE_LOOP_ANALYSIS = YES;
				CLANG_WARN_STRICT_PROTOTYPES = YES;
				CLANG_WARN_SUSPICIOUS_MOVE = YES;
				CLANG_WARN_UNGUARDED_AVAILABILITY = YES_AGGRESSIVE;
				CLANG_WARN_UNREACHABLE_CODE = YES;
				CLANG_WARN__DUPLICATE_METHOD_MATCH = YES;
				COPY_PHASE_STRIP = NO;
				DEBUG_INFORMATION_FORMAT = "dwarf-with-dsym";
				ENABLE_NS_ASSERTIONS = NO;
				ENABLE_STRICT_OBJC_MSGSEND = YES;
				ENABLE_USER_SCRIPT_SANDBOXING = YES;
				GCC_C_LANGUAGE_STANDARD = gnu17;
				GCC_NO_COMMON_BLOCKS = YES;
				GCC_WARN_64_TO_32_BIT_CONVERSION = YES;
				GCC_WARN_ABOUT_RETURN_TYPE = YES_ERROR;
				GCC_WARN_UNDECLARED_SELECTOR = YES;
				GCC_WARN_UNINITIALIZED_AUTOS = YES_AGGRESSIVE;
				GCC_WARN_UNUSED_FUNCTION = YES;
				GCC_WARN_UNUSED_VARIABLE = YES;
				IPHONEOS_DEPLOYMENT_TARGET = 17.0;
				LOCALIZATION_PREFERS_STRING_CATALOGS = YES;
				MTL_ENABLE_DEBUG_INFO = NO;
				MTL_FAST_MATH = YES;
				SDKROOT = iphoneos;
				SWIFT_COMPILATION_MODE = wholemodule;
				VALIDATE_PRODUCT = YES;
			};
			name = Release;
		};
		606FFE192CC8F2EB00020D8E /* Debug */ = {
			isa = XCBuildConfiguration;
			buildSettings = {
				ASSETCATALOG_COMPILER_APPICON_NAME = AppIcon;
				ASSETCATALOG_COMPILER_GLOBAL_ACCENT_COLOR_NAME = AccentColor;
				CODE_SIGN_STYLE = Automatic;
				CURRENT_PROJECT_VERSION = 1;
				DEVELOPMENT_ASSET_PATHS = "\"PersianDatePicker/Preview Content\"";
				ENABLE_PREVIEWS = YES;
				GENERATE_INFOPLIST_FILE = YES;
				INFOPLIST_KEY_UIApplicationSceneManifest_Generation = YES;
				INFOPLIST_KEY_UIApplicationSupportsIndirectInputEvents = YES;
				INFOPLIST_KEY_UILaunchScreen_Generation = YES;
				INFOPLIST_KEY_UISupportedInterfaceOrientations_iPad = "UIInterfaceOrientationPortrait UIInterfaceOrientationPortraitUpsideDown UIInterfaceOrientationLandscapeLeft UIInterfaceOrientationLandscapeRight";
				INFOPLIST_KEY_UISupportedInterfaceOrientations_iPhone = "UIInterfaceOrientationPortrait UIInterfaceOrientationLandscapeLeft UIInterfaceOrientationLandscapeRight";
				LD_RUNPATH_SEARCH_PATHS = (
					"$(inherited)",
					"@executable_path/Frameworks",
				);
				MARKETING_VERSION = 1.0;
				PRODUCT_BUNDLE_IDENTIFIER = Matloubi.PersianDatePicker;
				PRODUCT_NAME = "$(TARGET_NAME)";
				SWIFT_EMIT_LOC_STRINGS = YES;
				SWIFT_VERSION = 5.0;
				TARGETED_DEVICE_FAMILY = "1,2";
			};
			name = Debug;
		};
		606FFE1A2CC8F2EB00020D8E /* Release */ = {
			isa = XCBuildConfiguration;
			buildSettings = {
				ASSETCATALOG_COMPILER_APPICON_NAME = AppIcon;
				ASSETCATALOG_COMPILER_GLOBAL_ACCENT_COLOR_NAME = AccentColor;
				CODE_SIGN_STYLE = Automatic;
				CURRENT_PROJECT_VERSION = 1;
				DEVELOPMENT_ASSET_PATHS = "\"PersianDatePicker/Preview Content\"";
				ENABLE_PREVIEWS = YES;
				GENERATE_INFOPLIST_FILE = YES;
				INFOPLIST_KEY_UIApplicationSceneManifest_Generation = YES;
				INFOPLIST_KEY_UIApplicationSupportsIndirectInputEvents = YES;
				INFOPLIST_KEY_UILaunchScreen_Generation = YES;
				INFOPLIST_KEY_UISupportedInterfaceOrientations_iPad = "UIInterfaceOrientationPortrait UIInterfaceOrientationPortraitUpsideDown UIInterfaceOrientationLandscapeLeft UIInterfaceOrientationLandscapeRight";
				INFOPLIST_KEY_UISupportedInterfaceOrientations_iPhone = "UIInterfaceOrientationPortrait UIInterfaceOrientationLandscapeLeft UIInterfaceOrientationLandscapeRight";
				LD_RUNPATH_SEARCH_PATHS = (
					"$(inherited)",
					"@executable_path/Frameworks",
				);
				MARKETING_VERSION = 1.0;
				PRODUCT_BUNDLE_IDENTIFIER = Matloubi.PersianDatePicker;
				PRODUCT_NAME = "$(TARGET_NAME)";
				SWIFT_EMIT_LOC_STRINGS = YES;
				SWIFT_VERSION = 5.0;
				TARGETED_DEVICE_FAMILY = "1,2";
			};
			name = Release;
		};
		606FFE1C2CC8F2EB00020D8E /* Debug */ = {
			isa = XCBuildConfiguration;
			buildSettings = {
				ALWAYS_EMBED_SWIFT_STANDARD_LIBRARIES = YES;
				BUNDLE_LOADER = "$(TEST_HOST)";
				CODE_SIGN_STYLE = Automatic;
				CURRENT_PROJECT_VERSION = 1;
				GENERATE_INFOPLIST_FILE = YES;
				IPHONEOS_DEPLOYMENT_TARGET = 17.0;
				MARKETING_VERSION = 1.0;
				PRODUCT_BUNDLE_IDENTIFIER = Matloubi.PersianDatePickerTests;
				PRODUCT_NAME = "$(TARGET_NAME)";
				SWIFT_EMIT_LOC_STRINGS = NO;
				SWIFT_VERSION = 5.0;
				TARGETED_DEVICE_FAMILY = "1,2";
				TEST_HOST = "$(BUILT_PRODUCTS_DIR)/PersianDatePicker.app/$(BUNDLE_EXECUTABLE_FOLDER_PATH)/PersianDatePicker";
			};
			name = Debug;
		};
		606FFE1D2CC8F2EB00020D8E /* Release */ = {
			isa = XCBuildConfiguration;
			buildSettings = {
				ALWAYS_EMBED_SWIFT_STANDARD_LIBRARIES = YES;
				BUNDLE_LOADER = "$(TEST_HOST)";
				CODE_SIGN_STYLE = Automatic;
				CURRENT_PROJECT_VERSION = 1;
				GENERATE_INFOPLIST_FILE = YES;
				IPHONEOS_DEPLOYMENT_TARGET = 17.0;
				MARKETING_VERSION = 1.0;
				PRODUCT_BUNDLE_IDENTIFIER = Matloubi.PersianDatePickerTests;
				PRODUCT_NAME = "$(TARGET_NAME)";
				SWIFT_EMIT_LOC_STRINGS = NO;
				SWIFT_VERSION = 5.0;
				TARGETED_DEVICE_FAMILY = "1,2";
				TEST_HOST = "$(BUILT_PRODUCTS_DIR)/PersianDatePicker.app/$(BUNDLE_EXECUTABLE_FOLDER_PATH)/PersianDatePicker";
			};
			name = Release;
		};
		606FFE1F2CC8F2EB00020D8E /* Debug */ = {
			isa = XCBuildConfiguration;
			buildSettings = {
				ALWAYS_EMBED_SWIFT_STANDARD_LIBRARIES = YES;
				CODE_SIGN_STYLE = Automatic;
				CURRENT_PROJECT_VERSION = 1;
				GENERATE_INFOPLIST_FILE = YES;
				MARKETING_VERSION = 1.0;
				PRODUCT_BUNDLE_IDENTIFIER = Matloubi.PersianDatePickerUITests;
				PRODUCT_NAME = "$(TARGET_NAME)";
				SWIFT_EMIT_LOC_STRINGS = NO;
				SWIFT_VERSION = 5.0;
				TARGETED_DEVICE_FAMILY = "1,2";
				TEST_TARGET_NAME = PersianDatePicker;
			};
			name = Debug;
		};
		606FFE202CC8F2EB00020D8E /* Release */ = {
			isa = XCBuildConfiguration;
			buildSettings = {
				ALWAYS_EMBED_SWIFT_STANDARD_LIBRARIES = YES;
				CODE_SIGN_STYLE = Automatic;
				CURRENT_PROJECT_VERSION = 1;
				GENERATE_INFOPLIST_FILE = YES;
				MARKETING_VERSION = 1.0;
				PRODUCT_BUNDLE_IDENTIFIER = Matloubi.PersianDatePickerUITests;
				PRODUCT_NAME = "$(TARGET_NAME)";
				SWIFT_EMIT_LOC_STRINGS = NO;
				SWIFT_VERSION = 5.0;
				TARGETED_DEVICE_FAMILY = "1,2";
				TEST_TARGET_NAME = PersianDatePicker;
			};
			name = Release;
		};
/* End XCBuildConfiguration section */

/* Begin XCConfigurationList section */
		606FFDEF2CC8F2E900020D8E /* Build configuration list for PBXProject "PersianDatePicker" */ = {
			isa = XCConfigurationList;
			buildConfigurations = (
				606FFE162CC8F2EB00020D8E /* Debug */,
				606FFE172CC8F2EB00020D8E /* Release */,
			);
			defaultConfigurationIsVisible = 0;
			defaultConfigurationName = Release;
		};
		606FFE182CC8F2EB00020D8E /* Build configuration list for PBXNativeTarget "PersianDatePicker" */ = {
			isa = XCConfigurationList;
			buildConfigurations = (
				606FFE192CC8F2EB00020D8E /* Debug */,
				606FFE1A2CC8F2EB00020D8E /* Release */,
			);
			defaultConfigurationIsVisible = 0;
			defaultConfigurationName = Release;
		};
		606FFE1B2CC8F2EB00020D8E /* Build configuration list for PBXNativeTarget "PersianDatePickerTests" */ = {
			isa = XCConfigurationList;
			buildConfigurations = (
				606FFE1C2CC8F2EB00020D8E /* Debug */,
				606FFE1D2CC8F2EB00020D8E /* Release */,
			);
			defaultConfigurationIsVisible = 0;
			defaultConfigurationName = Release;
		};
		606FFE1E2CC8F2EB00020D8E /* Build configuration list for PBXNativeTarget "PersianDatePickerUITests" */ = {
			isa = XCConfigurationList;
			buildConfigurations = (
				606FFE1F2CC8F2EB00020D8E /* Debug */,
				606FFE202CC8F2EB00020D8E /* Release */,
			);
			defaultConfigurationIsVisible = 0;
			defaultConfigurationName = Release;
		};
/* End XCConfigurationList section */
	};
	rootObject = 606FFDEC2CC8F2E900020D8E /* Project object */;
}
